
Microsoft Visual Studio Solution File, Format Version 12.00
# Visual Studio Version 16
VisualStudioVersion = 16.0.30621.155
MinimumVisualStudioVersion = 10.0.40219.1
Project("{FAE04EC0-301F-11D3-BF4B-00C04F79EFBC}") = "TIMESPAN", "TIMESPAN\TIMESPAN.csproj", "{7C242FA9-F570-45A1-9CCE-98D03326DDCC}"
EndProject
Global
	GlobalSection(SolutionConfigurationPlatforms) = preSolution
		Debug|Any CPU = Debug|Any CPU
		Release|Any CPU = Release|Any CPU
	EndGlobalSection
	GlobalSection(ProjectConfigurationPlatforms) = postSolution
		{7C242FA9-F570-45A1-9CCE-98D03326DDCC}.Debug|Any CPU.ActiveCfg = Debug|Any CPU
		{7C242FA9-F570-45A1-9CCE-98D03326DDCC}.Debug|Any CPU.Build.0 = Debug|Any CPU
		{7C242FA9-F570-45A1-9CCE-98D03326DDCC}.Release|Any CPU.ActiveCfg = Release|Any CPU
		{7C242FA9-F570-45A1-9CCE-98D03326DDCC}.Release|Any CPU.Build.0 = Release|Any CPU
	EndGlobalSection
	GlobalSection(SolutionProperties) = preSolution
		HideSolutionNode = FALSE
	EndGlobalSection
	GlobalSection(ExtensibilityGlobals) = postSolution
		SolutionGuid = {00B5291A-7650-4CB6-B7F4-3AE9DEE0FF48}
	EndGlobalSection
EndGlobal
